
Microsoft Visual Studio Solution File, Format Version 12.00
# Visual Studio Version 17
VisualStudioVersion = 17.14.36429.23 d17.14
MinimumVisualStudioVersion = 10.0.40219.1
Project("{8BC9CEB8-8B4A-11D0-8D11-00A0C91BC942}") = "lab_1", "lab_1.vcxproj", "{3032733C-FFD3-48F1-8585-4A73D7CD85AB}"
EndProject
Global
	GlobalSection(SolutionConfigurationPlatforms) = preSolution
		Debug|x64 = Debug|x64
		Debug|x86 = Debug|x86
		Release|x64 = Release|x64
		Release|x86 = Release|x86
	EndGlobalSection
	GlobalSection(ProjectConfigurationPlatforms) = postSolution
		{3032733C-FFD3-48F1-8585-4A73D7CD85AB}.Debug|x64.ActiveCfg = Debug|x64
		{3032733C-FFD3-48F1-8585-4A73D7CD85AB}.Debug|x64.Build.0 = Debug|x64
		{3032733C-FFD3-48F1-8585-4A73D7CD85AB}.Debug|x86.ActiveCfg = Debug|Win32
		{3032733C-FFD3-48F1-8585-4A73D7CD85AB}.Debug|x86.Build.0 = Debug|Win32
		{3032733C-FFD3-48F1-8585-4A73D7CD85AB}.Release|x64.ActiveCfg = Release|x64
		{3032733C-FFD3-48F1-8585-4A73D7CD85AB}.Release|x64.Build.0 = Release|x64
		{3032733C-FFD3-48F1-8585-4A73D7CD85AB}.Release|x86.ActiveCfg = Release|Win32
		{3032733C-FFD3-48F1-8585-4A73D7CD85AB}.Release|x86.Build.0 = Release|Win32
	EndGlobalSection
	GlobalSection(SolutionProperties) = preSolution
		HideSolutionNode = FALSE
	EndGlobalSection
	GlobalSection(ExtensibilityGlobals) = postSolution
		SolutionGuid = {78CE6DC7-232D-44CE-8C70-AE4FEA6E2F1B}
	EndGlobalSection
EndGlobal
